
Microsoft Visual Studio Solution File, Format Version 12.00
# Visual Studio Version 17
VisualStudioVersion = 17.14.36401.2
MinimumVisualStudioVersion = 10.0.40219.1
Project("{F184B08F-C81C-45F6-A57F-5ABD9991F28F}") = "RHP", "RHP\RHP.vbproj", "{113AE72C-E212-41F8-9342-4E58E125CED0}"
EndProject
Project("{2150E333-8FDC-42A3-9474-1A3956D46DE8}") = "Solution Items", "Solution Items", "{3546BE4F-FE6A-49CF-9A2F-7B0DB5BCF5A6}"
EndProject
Project("{F184B08F-C81C-45F6-A57F-5ABD9991F28F}") = "RHPServer", "RHPServer\RHPServer.vbproj", "{58EC3BCF-1201-47D0-AE26-0D53F698F7CF}"
EndProject
Global
	GlobalSection(SolutionConfigurationPlatforms) = preSolution
		Debug|Any CPU = Debug|Any CPU
		Debug|x64 = Debug|x64
		Debug|x86 = Debug|x86
		Release|Any CPU = Release|Any CPU
		Release|x64 = Release|x64
		Release|x86 = Release|x86
	EndGlobalSection
	GlobalSection(ProjectConfigurationPlatforms) = postSolution
		{113AE72C-E212-41F8-9342-4E58E125CED0}.Debug|Any CPU.ActiveCfg = Debug|x86
		{113AE72C-E212-41F8-9342-4E58E125CED0}.Debug|Any CPU.Build.0 = Debug|x86
		{113AE72C-E212-41F8-9342-4E58E125CED0}.Debug|Any CPU.Deploy.0 = Debug|x86
		{113AE72C-E212-41F8-9342-4E58E125CED0}.Debug|x64.ActiveCfg = Debug|x64
		{113AE72C-E212-41F8-9342-4E58E125CED0}.Debug|x64.Build.0 = Debug|x64
		{113AE72C-E212-41F8-9342-4E58E125CED0}.Debug|x86.ActiveCfg = Debug|x86
		{113AE72C-E212-41F8-9342-4E58E125CED0}.Debug|x86.Build.0 = Debug|x86
		{113AE72C-E212-41F8-9342-4E58E125CED0}.Release|Any CPU.ActiveCfg = Release|Any CPU
		{113AE72C-E212-41F8-9342-4E58E125CED0}.Release|Any CPU.Build.0 = Release|Any CPU
		{113AE72C-E212-41F8-9342-4E58E125CED0}.Release|x64.ActiveCfg = Release|x64
		{113AE72C-E212-41F8-9342-4E58E125CED0}.Release|x64.Build.0 = Release|x64
		{113AE72C-E212-41F8-9342-4E58E125CED0}.Release|x86.ActiveCfg = Release|x86
		{113AE72C-E212-41F8-9342-4E58E125CED0}.Release|x86.Build.0 = Release|x86
		{58EC3BCF-1201-47D0-AE26-0D53F698F7CF}.Debug|Any CPU.ActiveCfg = Debug|Any CPU
		{58EC3BCF-1201-47D0-AE26-0D53F698F7CF}.Debug|Any CPU.Build.0 = Debug|Any CPU
		{58EC3BCF-1201-47D0-AE26-0D53F698F7CF}.Debug|x64.ActiveCfg = Debug|Any CPU
		{58EC3BCF-1201-47D0-AE26-0D53F698F7CF}.Debug|x64.Build.0 = Debug|Any CPU
		{58EC3BCF-1201-47D0-AE26-0D53F698F7CF}.Debug|x86.ActiveCfg = Debug|Any CPU
		{58EC3BCF-1201-47D0-AE26-0D53F698F7CF}.Debug|x86.Build.0 = Debug|Any CPU
		{58EC3BCF-1201-47D0-AE26-0D53F698F7CF}.Release|Any CPU.ActiveCfg = Release|Any CPU
		{58EC3BCF-1201-47D0-AE26-0D53F698F7CF}.Release|Any CPU.Build.0 = Release|Any CPU
		{58EC3BCF-1201-47D0-AE26-0D53F698F7CF}.Release|x64.ActiveCfg = Release|Any CPU
		{58EC3BCF-1201-47D0-AE26-0D53F698F7CF}.Release|x64.Build.0 = Release|Any CPU
		{58EC3BCF-1201-47D0-AE26-0D53F698F7CF}.Release|x86.ActiveCfg = Release|Any CPU
		{58EC3BCF-1201-47D0-AE26-0D53F698F7CF}.Release|x86.Build.0 = Release|Any CPU
	EndGlobalSection
	GlobalSection(SolutionProperties) = preSolution
		HideSolutionNode = FALSE
	EndGlobalSection
	GlobalSection(ExtensibilityGlobals) = postSolution
		SolutionGuid = {A51B4EC8-0277-4339-82A3-6FB2F28CB8E1}
	EndGlobalSection
EndGlobal
